// !$*UTF8*$!
{
	archiveVersion = 1;
	classes = {
	};
	objectVersion = 46;
	objects = {

/* Begin PBXBuildFile section */
		04C23C8A1BCBA483002A6F88 /* main.m in Sources */ = {isa = PBXBuildFile; fileRef = 04C23C891BCBA483002A6F88 /* main.m */; };
		04C23C8D1BCBA483002A6F88 /* AppDelegate.m in Sources */ = {isa = PBXBuildFile; fileRef = 04C23C8C1BCBA483002A6F88 /* AppDelegate.m */; };
		04C23C901BCBA483002A6F88 /* ViewController.m in Sources */ = {isa = PBXBuildFile; fileRef = 04C23C8F1BCBA483002A6F88 /* ViewController.m */; };
		04C23C931BCBA483002A6F88 /* Main.storyboard in Resources */ = {isa = PBXBuildFile; fileRef = 04C23C911BCBA483002A6F88 /* Main.storyboard */; };
		04C23C951BCBA483002A6F88 /* Images.xcassets in Resources */ = {isa = PBXBuildFile; fileRef = 04C23C941BCBA483002A6F88 /* Images.xcassets */; };
		04C23C981BCBA483002A6F88 /* LaunchScreen.xib in Resources */ = {isa = PBXBuildFile; fileRef = 04C23C961BCBA483002A6F88 /* LaunchScreen.xib */; };
		04C23CA41BCBA483002A6F88 /* IGTabSliderViewDemoTests.m in Sources */ = {isa = PBXBuildFile; fileRef = 04C23CA31BCBA483002A6F88 /* IGTabSliderViewDemoTests.m */; };
		04C23CB01BCBA4B8002A6F88 /* IGTabSliderView.m in Sources */ = {isa = PBXBuildFile; fileRef = 04C23CAF1BCBA4B8002A6F88 /* IGTabSliderView.m */; };
		04C23CE61BCBAA4F002A6F88 /* ViewController2.m in Sources */ = {isa = PBXBuildFile; fileRef = 04C23CE51BCBAA4F002A6F88 /* ViewController2.m */; };
/* End PBXBuildFile section */

/* Begin PBXContainerItemProxy section */
		04C23C9E1BCBA483002A6F88 /* PBXContainerItemProxy */ = {
			isa = PBXContainerItemProxy;
			containerPortal = 04C23C7C1BCBA483002A6F88 /* Project object */;
			proxyType = 1;
			remoteGlobalIDString = 04C23C831BCBA483002A6F88;
			remoteInfo = IGTabSliderViewDemo;
		};
/* End PBXContainerItemProxy section */

/* Begin PBXFileReference section */
		04C23C841BCBA483002A6F88 /* IGTabSliderViewDemo.app */ = {isa = PBXFileReference; explicitFileType = wrapper.application; includeInIndex = 0; path = IGTabSliderViewDemo.app; sourceTree = BUILT_PRODUCTS_DIR; };
		04C23C881BCBA483002A6F88 /* Info.plist */ = {isa = PBXFileReference; lastKnownFileType = text.plist.xml; path = Info.plist; sourceTree = "<group>"; };
		04C23C891BCBA483002A6F88 /* main.m */ = {isa = PBXFileReference; lastKnownFileType = sourcecode.c.objc; path = main.m; sourceTree = "<group>"; };
		04C23C8B1BCBA483002A6F88 /* AppDelegate.h */ = {isa = PBXFileReference; lastKnownFileType = sourcecode.c.h; path = AppDelegate.h; sourceTree = "<group>"; };
		04C23C8C1BCBA483002A6F88 /* AppDelegate.m */ = {isa = PBXFileReference; lastKnownFileType = sourcecode.c.objc; path = AppDelegate.m; sourceTree = "<group>"; };
		04C23C8E1BCBA483002A6F88 /* ViewController.h */ = {isa = PBXFileReference; lastKnownFileType = sourcecode.c.h; path = ViewController.h; sourceTree = "<group>"; };
		04C23C8F1BCBA483002A6F88 /* ViewController.m */ = {isa = PBXFileReference; lastKnownFileType = sourcecode.c.objc; path = ViewController.m; sourceTree = "<group>"; };
		04C23C921BCBA483002A6F88 /* Base */ = {isa = PBXFileReference; lastKnownFileType = file.storyboard; name = Base; path = Base.lproj/Main.storyboard; sourceTree = "<group>"; };
		04C23C941BCBA483002A6F88 /* Images.xcassets */ = {isa = PBXFileReference; lastKnownFileType = folder.assetcatalog; path = Images.xcassets; sourceTree = "<group>"; };
		04C23C971BCBA483002A6F88 /* Base */ = {isa = PBXFileReference; lastKnownFileType = file.xib; name = Base; path = Base.lproj/LaunchScreen.xib; sourceTree = "<group>"; };
		04C23C9D1BCBA483002A6F88 /* IGTabSliderViewDemoTests.xctest */ = {isa = PBXFileReference; explicitFileType = wrapper.cfbundle; includeInIndex = 0; path = IGTabSliderViewDemoTests.xctest; sourceTree = BUILT_PRODUCTS_DIR; };
		04C23CA21BCBA483002A6F88 /* Info.plist */ = {isa = PBXFileReference; lastKnownFileType = text.plist.xml; path = Info.plist; sourceTree = "<group>"; };
		04C23CA31BCBA483002A6F88 /* IGTabSliderViewDemoTests.m */ = {isa = PBXFileReference; lastKnownFileType = sourcecode.c.objc; path = IGTabSliderViewDemoTests.m; sourceTree = "<group>"; };
		04C23CAE1BCBA4B8002A6F88 /* IGTabSliderView.h */ = {isa = PBXFileReference; fileEncoding = 4; lastKnownFileType = sourcecode.c.h; path = IGTabSliderView.h; sourceTree = "<group>"; };
		04C23CAF1BCBA4B8002A6F88 /* IGTabSliderView.m */ = {isa = PBXFileReference; fileEncoding = 4; lastKnownFileType = sourcecode.c.objc; path = IGTabSliderView.m; sourceTree = "<group>"; };
		04C23CB21BCBA58D002A6F88 /* macros.pch */ = {isa = PBXFileReference; fileEncoding = 4; lastKnownFileType = sourcecode.c.h; path = macros.pch; sourceTree = "<group>"; };
		04C23CE41BCBAA4F002A6F88 /* ViewController2.h */ = {isa = PBXFileReference; fileEncoding = 4; lastKnownFileType = sourcecode.c.h; path = ViewController2.h; sourceTree = "<group>"; };
		04C23CE51BCBAA4F002A6F88 /* ViewController2.m */ = {isa = PBXFileReference; fileEncoding = 4; lastKnownFileType = sourcecode.c.objc; path = ViewController2.m; sourceTree = "<group>"; };
/* End PBXFileReference section */

/* Begin PBXFrameworksBuildPhase section */
		04C23C811BCBA483002A6F88 /* Frameworks */ = {
			isa = PBXFrameworksBuildPhase;
			buildActionMask = 2147483647;
			files = (
			);
			runOnlyForDeploymentPostprocessing = 0;
		};
		04C23C9A1BCBA483002A6F88 /* Frameworks */ = {
			isa = PBXFrameworksBuildPhase;
			buildActionMask = 2147483647;
			files = (
			);
			runOnlyForDeploymentPostprocessing = 0;
		};
/* End PBXFrameworksBuildPhase section */

/* Begin PBXGroup section */
		04C23C7B1BCBA483002A6F88 = {
			isa = PBXGroup;
			children = (
				04C23C861BCBA483002A6F88 /* IGTabSliderViewDemo */,
				04C23CA01BCBA483002A6F88 /* IGTabSliderViewDemoTests */,
				04C23C851BCBA483002A6F88 /* Products */,
			);
			sourceTree = "<group>";
		};
		04C23C851BCBA483002A6F88 /* Products */ = {
			isa = PBXGroup;
			children = (
				04C23C841BCBA483002A6F88 /* IGTabSliderViewDemo.app */,
				04C23C9D1BCBA483002A6F88 /* IGTabSliderViewDemoTests.xctest */,
			);
			name = Products;
			sourceTree = "<group>";
		};
		04C23C861BCBA483002A6F88 /* IGTabSliderViewDemo */ = {
			isa = PBXGroup;
			children = (
				04C23CB21BCBA58D002A6F88 /* macros.pch */,
				04C23CAD1BCBA4B8002A6F88 /* IGTabSliderView */,
				04C23C8B1BCBA483002A6F88 /* AppDelegate.h */,
				04C23C8C1BCBA483002A6F88 /* AppDelegate.m */,
				04C23C8E1BCBA483002A6F88 /* ViewController.h */,
				04C23C8F1BCBA483002A6F88 /* ViewController.m */,
				04C23CE41BCBAA4F002A6F88 /* ViewController2.h */,
				04C23CE51BCBAA4F002A6F88 /* ViewController2.m */,
				04C23C911BCBA483002A6F88 /* Main.storyboard */,
				04C23C941BCBA483002A6F88 /* Images.xcassets */,
				04C23C961BCBA483002A6F88 /* LaunchScreen.xib */,
				04C23C871BCBA483002A6F88 /* Supporting Files */,
			);
			path = IGTabSliderViewDemo;
			sourceTree = "<group>";
		};
		04C23C871BCBA483002A6F88 /* Supporting Files */ = {
			isa = PBXGroup;
			children = (
				04C23C881BCBA483002A6F88 /* Info.plist */,
				04C23C891BCBA483002A6F88 /* main.m */,
			);
			name = "Supporting Files";
			sourceTree = "<group>";
		};
		04C23CA01BCBA483002A6F88 /* IGTabSliderViewDemoTests */ = {
			isa = PBXGroup;
			children = (
				04C23CA31BCBA483002A6F88 /* IGTabSliderViewDemoTests.m */,
				04C23CA11BCBA483002A6F88 /* Supporting Files */,
			);
			path = IGTabSliderViewDemoTests;
			sourceTree = "<group>";
		};
		04C23CA11BCBA483002A6F88 /* Supporting Files */ = {
			isa = PBXGroup;
			children = (
				04C23CA21BCBA483002A6F88 /* Info.plist */,
			);
			name = "Supporting Files";
			sourceTree = "<group>";
		};
		04C23CAD1BCBA4B8002A6F88 /* IGTabSliderView */ = {
			isa = PBXGroup;
			children = (
				04C23CAE1BCBA4B8002A6F88 /* IGTabSliderView.h */,
				04C23CAF1BCBA4B8002A6F88 /* IGTabSliderView.m */,
			);
			path = IGTabSliderView;
			sourceTree = "<group>";
		};
/* End PBXGroup section */

/* Begin PBXNativeTarget section */
		04C23C831BCBA483002A6F88 /* IGTabSliderViewDemo */ = {
			isa = PBXNativeTarget;
			buildConfigurationList = 04C23CA71BCBA483002A6F88 /* Build configuration list for PBXNativeTarget "IGTabSliderViewDemo" */;
			buildPhases = (
				04C23C801BCBA483002A6F88 /* Sources */,
				04C23C811BCBA483002A6F88 /* Frameworks */,
				04C23C821BCBA483002A6F88 /* Resources */,
			);
			buildRules = (
			);
			dependencies = (
			);
			name = IGTabSliderViewDemo;
			productName = IGTabSliderViewDemo;
			productReference = 04C23C841BCBA483002A6F88 /* IGTabSliderViewDemo.app */;
			productType = "com.apple.product-type.application";
		};
		04C23C9C1BCBA483002A6F88 /* IGTabSliderViewDemoTests */ = {
			isa = PBXNativeTarget;
			buildConfigurationList = 04C23CAA1BCBA483002A6F88 /* Build configuration list for PBXNativeTarget "IGTabSliderViewDemoTests" */;
			buildPhases = (
				04C23C991BCBA483002A6F88 /* Sources */,
				04C23C9A1BCBA483002A6F88 /* Frameworks */,
				04C23C9B1BCBA483002A6F88 /* Resources */,
			);
			buildRules = (
			);
			dependencies = (
				04C23C9F1BCBA483002A6F88 /* PBXTargetDependency */,
			);
			name = IGTabSliderViewDemoTests;
			productName = IGTabSliderViewDemoTests;
			productReference = 04C23C9D1BCBA483002A6F88 /* IGTabSliderViewDemoTests.xctest */;
			productType = "com.apple.product-type.bundle.unit-test";
		};
/* End PBXNativeTarget section */

/* Begin PBXProject section */
		04C23C7C1BCBA483002A6F88 /* Project object */ = {
			isa = PBXProject;
			attributes = {
				LastUpgradeCheck = 0640;
				ORGANIZATIONNAME = ideago;
				TargetAttributes = {
					04C23C831BCBA483002A6F88 = {
						CreatedOnToolsVersion = 6.4;
					};
					04C23C9C1BCBA483002A6F88 = {
						CreatedOnToolsVersion = 6.4;
						TestTargetID = 04C23C831BCBA483002A6F88;
					};
				};
			};
			buildConfigurationList = 04C23C7F1BCBA483002A6F88 /* Build configuration list for PBXProject "IGTabSliderViewDemo" */;
			compatibilityVersion = "Xcode 3.2";
			developmentRegion = English;
			hasScannedForEncodings = 0;
			knownRegions = (
				en,
				Base,
			);
			mainGroup = 04C23C7B1BCBA483002A6F88;
			productRefGroup = 04C23C851BCBA483002A6F88 /* Products */;
			projectDirPath = "";
			projectRoot = "";
			targets = (
				04C23C831BCBA483002A6F88 /* IGTabSliderViewDemo */,
				04C23C9C1BCBA483002A6F88 /* IGTabSliderViewDemoTests */,
			);
		};
/* End PBXProject section */

/* Begin PBXResourcesBuildPhase section */
		04C23C821BCBA483002A6F88 /* Resources */ = {
			isa = PBXResourcesBuildPhase;
			buildActionMask = 2147483647;
			files = (
				04C23C931BCBA483002A6F88 /* Main.storyboard in Resources */,
				04C23C981BCBA483002A6F88 /* LaunchScreen.xib in Resources */,
				04C23C951BCBA483002A6F88 /* Images.xcassets in Resources */,
			);
			runOnlyForDeploymentPostprocessing = 0;
		};
		04C23C9B1BCBA483002A6F88 /* Resources */ = {
			isa = PBXResourcesBuildPhase;
			buildActionMask = 2147483647;
			files = (
			);
			runOnlyForDeploymentPostprocessing = 0;
		};
/* End PBXResourcesBuildPhase section */

/* Begin PBXSourcesBuildPhase section */
		04C23C801BCBA483002A6F88 /* Sources */ = {
			isa = PBXSourcesBuildPhase;
			buildActionMask = 2147483647;
			files = (
				04C23C901BCBA483002A6F88 /* ViewController.m in Sources */,
				04C23CB01BCBA4B8002A6F88 /* IGTabSliderView.m in Sources */,
				04C23CE61BCBAA4F002A6F88 /* ViewController2.m in Sources */,
				04C23C8D1BCBA483002A6F88 /* AppDelegate.m in Sources */,
				04C23C8A1BCBA483002A6F88 /* main.m in Sources */,
			);
			runOnlyForDeploymentPostprocessing = 0;
		};
		04C23C991BCBA483002A6F88 /* Sources */ = {
			isa = PBXSourcesBuildPhase;
			buildActionMask = 2147483647;
			files = (
				04C23CA41BCBA483002A6F88 /* IGTabSliderViewDemoTests.m in Sources */,
			);
			runOnlyForDeploymentPostprocessing = 0;
		};
/* End PBXSourcesBuildPhase section */

/* Begin PBXTargetDependency section */
		04C23C9F1BCBA483002A6F88 /* PBXTargetDependency */ = {
			isa = PBXTargetDependency;
			target = 04C23C831BCBA483002A6F88 /* IGTabSliderViewDemo */;
			targetProxy = 04C23C9E1BCBA483002A6F88 /* PBXContainerItemProxy */;
		};
/* End PBXTargetDependency section */

/* Begin PBXVariantGroup section */
		04C23C911BCBA483002A6F88 /* Main.storyboard */ = {
			isa = PBXVariantGroup;
			children = (
				04C23C921BCBA483002A6F88 /* Base */,
			);
			name = Main.storyboard;
			sourceTree = "<group>";
		};
		04C23C961BCBA483002A6F88 /* LaunchScreen.xib */ = {
			isa = PBXVariantGroup;
			children = (
				04C23C971BCBA483002A6F88 /* Base */,
			);
			name = LaunchScreen.xib;
			sourceTree = "<group>";
		};
/* End PBXVariantGroup section */

/* Begin XCBuildConfiguration section */
		04C23CA51BCBA483002A6F88 /* Debug */ = {
			isa = XCBuildConfiguration;
			buildSettings = {
				ALWAYS_SEARCH_USER_PATHS = NO;
				CLANG_CXX_LANGUAGE_STANDARD = "gnu++0x";
				CLANG_CXX_LIBRARY = "libc++";
				CLANG_ENABLE_MODULES = YES;
				CLANG_ENABLE_OBJC_ARC = YES;
				CLANG_WARN_BOOL_CONVERSION = YES;
				CLANG_WARN_CONSTANT_CONVERSION = YES;
				CLANG_WARN_DIRECT_OBJC_ISA_USAGE = YES_ERROR;
				CLANG_WARN_EMPTY_BODY = YES;
				CLANG_WARN_ENUM_CONVERSION = YES;
				CLANG_WARN_INT_CONVERSION = YES;
				CLANG_WARN_OBJC_ROOT_CLASS = YES_ERROR;
				CLANG_WARN_UNREACHABLE_CODE = YES;
				CLANG_WARN__DUPLICATE_METHOD_MATCH = YES;
				"CODE_SIGN_IDENTITY[sdk=iphoneos*]" = "iPhone Developer";
				COPY_PHASE_STRIP = NO;
				DEBUG_INFORMATION_FORMAT = "dwarf-with-dsym";
				ENABLE_STRICT_OBJC_MSGSEND = YES;
				GCC_C_LANGUAGE_STANDARD = gnu99;
				GCC_DYNAMIC_NO_PIC = NO;
				GCC_NO_COMMON_BLOCKS = YES;
				GCC_OPTIMIZATION_LEVEL = 0;
				GCC_PREPROCESSOR_DEFINITIONS = (
					"DEBUG=1",
					"$(inherited)",
				);
				GCC_SYMBOLS_PRIVATE_EXTERN = NO;
				GCC_WARN_64_TO_32_BIT_CONVERSION = YES;
				GCC_WARN_ABOUT_RETURN_TYPE = YES_ERROR;
				GCC_WARN_UNDECLARED_SELECTOR = YES;
				GCC_WARN_UNINITIALIZED_AUTOS = YES_AGGRESSIVE;
				GCC_WARN_UNUSED_FUNCTION = YES;
				GCC_WARN_UNUSED_VARIABLE = YES;
				IPHONEOS_DEPLOYMENT_TARGET = 8.4;
				MTL_ENABLE_DEBUG_INFO = YES;
				ONLY_ACTIVE_ARCH = YES;
				SDKROOT = iphoneos;
			};
			name = Debug;
		};
		04C23CA61BCBA483002A6F88 /* Release */ = {
			isa = XCBuildConfiguration;
			buildSettings = {
				ALWAYS_SEARCH_USER_PATHS = NO;
				CLANG_CXX_LANGUAGE_STANDARD = "gnu++0x";
				CLANG_CXX_LIBRARY = "libc++";
				CLANG_ENABLE_MODULES = YES;
				CLANG_ENABLE_OBJC_ARC = YES;
				CLANG_WARN_BOOL_CONVERSION = YES;
				CLANG_WARN_CONSTANT_CONVERSION = YES;
				CLANG_WARN_DIRECT_OBJC_ISA_USAGE = YES_ERROR;
				CLANG_WARN_EMPTY_BODY = YES;
				CLANG_WARN_ENUM_CONVERSION = YES;
				CLANG_WARN_INT_CONVERSION = YES;
				CLANG_WARN_OBJC_ROOT_CLASS = YES_ERROR;
				CLANG_WARN_UNREACHABLE_CODE = YES;
				CLANG_WARN__DUPLICATE_METHOD_MATCH = YES;
				"CODE_SIGN_IDENTITY[sdk=iphoneos*]" = "iPhone Developer";
				COPY_PHASE_STRIP = NO;
				DEBUG_INFORMATION_FORMAT = "dwarf-with-dsym";
				ENABLE_NS_ASSERTIONS = NO;
				ENABLE_STRICT_OBJC_MSGSEND = YES;
				GCC_C_LANGUAGE_STANDARD = gnu99;
				GCC_NO_COMMON_BLOCKS = YES;
				GCC_WARN_64_TO_32_BIT_CONVERSION = YES;
				GCC_WARN_ABOUT_RETURN_TYPE = YES_ERROR;
				GCC_WARN_UNDECLARED_SELECTOR = YES;
				GCC_WARN_UNINITIALIZED_AUTOS = YES_AGGRESSIVE;
				GCC_WARN_UNUSED_FUNCTION = YES;
				GCC_WARN_UNUSED_VARIABLE = YES;
				IPHONEOS_DEPLOYMENT_TARGET = 8.4;
				MTL_ENABLE_DEBUG_INFO = NO;
				SDKROOT = iphoneos;
				VALIDATE_PRODUCT = YES;
			};
			name = Release;
		};
		04C23CA81BCBA483002A6F88 /* Debug */ = {
			isa = XCBuildConfiguration;
			buildSettings = {
				ASSETCATALOG_COMPILER_APPICON_NAME = AppIcon;
				GCC_PRECOMPILE_PREFIX_HEADER = YES;
				GCC_PREFIX_HEADER = $SRCROOT/IGTabSliderViewDemo/macros.pch;
				INFOPLIST_FILE = IGTabSliderViewDemo/Info.plist;
				LD_RUNPATH_SEARCH_PATHS = "$(inherited) @executable_path/Frameworks";
				PRODUCT_NAME = "$(TARGET_NAME)";
			};
			name = Debug;
		};
		04C23CA91BCBA483002A6F88 /* Release */ = {
			isa = XCBuildConfiguration;
			buildSettings = {
				ASSETCATALOG_COMPILER_APPICON_NAME = AppIcon;
				GCC_PRECOMPILE_PREFIX_HEADER = YES;
				GCC_PREFIX_HEADER = $SRCROOT/IGTabSliderViewDemo/macros.pch;
				INFOPLIST_FILE = IGTabSliderViewDemo/Info.plist;
				LD_RUNPATH_SEARCH_PATHS = "$(inherited) @executable_path/Frameworks";
				PRODUCT_NAME = "$(TARGET_NAME)";
			};
			name = Release;
		};
		04C23CAB1BCBA483002A6F88 /* Debug */ = {
			isa = XCBuildConfiguration;
			buildSettings = {
				BUNDLE_LOADER = "$(TEST_HOST)";
				FRAMEWORK_SEARCH_PATHS = (
					"$(SDKROOT)/Developer/Library/Frameworks",
					"$(inherited)",
				);
				GCC_PREPROCESSOR_DEFINITIONS = (
					"DEBUG=1",
					"$(inherited)",
				);
				INFOPLIST_FILE = IGTabSliderViewDemoTests/Info.plist;
				LD_RUNPATH_SEARCH_PATHS = "$(inherited) @executable_path/Frameworks @loader_path/Frameworks";
				PRODUCT_NAME = "$(TARGET_NAME)";
				TEST_HOST = "$(BUILT_PRODUCTS_DIR)/IGTabSliderViewDemo.app/IGTabSliderViewDemo";
			};
			name = Debug;
		};
		04C23CAC1BCBA483002A6F88 /* Release */ = {
			isa = XCBuildConfiguration;
			buildSettings = {
				BUNDLE_LOADER = "$(TEST_HOST)";
				FRAMEWORK_SEARCH_PATHS = (
					"$(SDKROOT)/Developer/Library/Frameworks",
					"$(inherited)",
				);
				INFOPLIST_FILE = IGTabSliderViewDemoTests/Info.plist;
				LD_RUNPATH_SEARCH_PATHS = "$(inherited) @executable_path/Frameworks @loader_path/Frameworks";
				PRODUCT_NAME = "$(TARGET_NAME)";
				TEST_HOST = "$(BUILT_PRODUCTS_DIR)/IGTabSliderViewDemo.app/IGTabSliderViewDemo";
			};
			name = Release;
		};
/* End XCBuildConfiguration section */

/* Begin XCConfigurationList section */
		04C23C7F1BCBA483002A6F88 /* Build configuration list for PBXProject "IGTabSliderViewDemo" */ = {
			isa = XCConfigurationList;
			buildConfigurations = (
				04C23CA51BCBA483002A6F88 /* Debug */,
				04C23CA61BCBA483002A6F88 /* Release */,
			);
			defaultConfigurationIsVisible = 0;
			defaultConfigurationName = Release;
		};
		04C23CA71BCBA483002A6F88 /* Build configuration list for PBXNativeTarget "IGTabSliderViewDemo" */ = {
			isa = XCConfigurationList;
			buildConfigurations = (
				04C23CA81BCBA483002A6F88 /* Debug */,
				04C23CA91BCBA483002A6F88 /* Release */,
			);
			defaultConfigurationIsVisible = 0;
		};
		04C23CAA1BCBA483002A6F88 /* Build configuration list for PBXNativeTarget "IGTabSliderViewDemoTests" */ = {
			isa = XCConfigurationList;
			buildConfigurations = (
				04C23CAB1BCBA483002A6F88 /* Debug */,
				04C23CAC1BCBA483002A6F88 /* Release */,
			);
			defaultConfigurationIsVisible = 0;
		};
/* End XCConfigurationList section */
	};
	rootObject = 04C23C7C1BCBA483002A6F88 /* Project object */;
}
